Microsoft Visual Studio Solution File, Format Version 11.00
# Visual Studio 2008

Project("{B5F420E1-B15E-D1B7-A81A-DAECD9E4F9BE}") = "Air Race", "Assembly-CSharp.csproj", "{517CA58A-96E1-F848-4865-60982657C3FD}"
EndProject
Global
	GlobalSection(SolutionConfigurationPlatforms) = preSolution
		Debug|Any CPU = Debug|Any CPU
		Release|Any CPU = Release|Any CPU
	EndGlobalSection
	GlobalSection(ProjectConfigurationPlatforms) = postSolution
		{517CA58A-96E1-F848-4865-60982657C3FD}.Debug|Any CPU.ActiveCfg = Debug|Any CPU
		{517CA58A-96E1-F848-4865-60982657C3FD}.Debug|Any CPU.Build.0 = Debug|Any CPU
		{517CA58A-96E1-F848-4865-60982657C3FD}.Release|Any CPU.ActiveCfg = Release|Any CPU
		{517CA58A-96E1-F848-4865-60982657C3FD}.Release|Any CPU.Build.0 = Release|Any CPU
	EndGlobalSection
	GlobalSection(SolutionProperties) = preSolution
		HideSolutionNode = FALSE
	EndGlobalSection
	GlobalSection(MonoDevelopProperties) = preSolution
		StartupItem = Assembly-CSharp.csproj
	EndGlobalSection
EndGlobal
